{
  "name": "StochasticProcess",
  "version": "1.0.0",
  "lockfileVersion": 1,
  "requires": true,
  "dependencies": {
    "discontinuous-range": {
      "version": "1.0.0",
      "resolved": "https://registry.npmjs.org/discontinuous-range/-/discontinuous-range-1.0.0.tgz",
      "integrity": "sha1-44Mx8IRLukm5qctxx3FYWqsbxlo="
    },
    "lodash.identity": {
      "version": "3.0.0",
      "resolved": "https://registry.npmjs.org/lodash.identity/-/lodash.identity-3.0.0.tgz",
      "integrity": "sha1-rXvGpOZH15yXLhuA/u968VYmeHY="
    },
    "lodash.isfunction": {
      "version": "3.0.9",
      "resolved": "https://registry.npmjs.org/lodash.isfunction/-/lodash.isfunction-3.0.9.tgz",
      "integrity": "sha512-AirXNj15uRIMMPihnkInB4i3NHeb4iBtNg9WRWuK2o31S+ePwwNmDPaTL3o7dTJ+VXNZim7rFs4rxN4YU1oUJw=="
    },
    "lodash.isregexp": {
      "version": "3.0.5",
      "resolved": "https://registry.npmjs.org/lodash.isregexp/-/lodash.isregexp-3.0.5.tgz",
      "integrity": "sha1-4PWWJC8voiioQAhrbIrYLktx/S0="
    },
    "lodash.isstring": {
      "version": "3.0.1",
      "resolved": "https://registry.npmjs.org/lodash.isstring/-/lodash.isstring-3.0.1.tgz",
      "integrity": "sha1-QWOJROoELvZ61nwpOqVB0/PW5Tw="
    },
    "lodash.range": {
      "version": "3.2.0",
      "resolved": "https://registry.npmjs.org/lodash.range/-/lodash.range-3.2.0.tgz",
      "integrity": "sha1-9GHliPZmg/fq3q3lE+OKaaVloV0="
    },
    "ret": {
      "version": "0.1.10",
      "resolved": "https://registry.npmjs.org/ret/-/ret-0.1.10.tgz",
      "integrity": "sha1-e9pwSMtrBWZhfTsVozRfcSBgoaQ="
    },
    "seedrandom": {
      "version": "2.4.4",
      "resolved": "https://registry.npmjs.org/seedrandom/-/seedrandom-2.4.4.tgz",
      "integrity": "sha512-9A+PDmgm+2du77B5i0Ip2cxOqqHjgNxnBgglxLcX78A2D6c2rTo61z4jnVABpF4cKeDMDG+cmXXvdnqse2VqMA=="
    },
    "stochator": {
      "version": "0.6.2",
      "resolved": "https://registry.npmjs.org/stochator/-/stochator-0.6.2.tgz",
      "integrity": "sha1-6dagl9wSJhbl0jsQyPijuVjolqM=",
      "requires": {
        "discontinuous-range": "1.0.0",
        "lodash.identity": "^3.0",
        "lodash.isfunction": "^3.0",
        "lodash.isregexp": "^3.0",
        "lodash.isstring": "^3.0",
        "lodash.range": "^3.0",
        "ret": "0.1.10",
        "seedrandom": "^2.4.2"
      }
    }
  }
}
